
Microsoft Visual Studio Solution File, Format Version 12.00
# Visual Studio Version 17
VisualStudioVersion = 17.7.34221.43
MinimumVisualStudioVersion = 10.0.40219.1
Project("{8BC9CEB8-8B4A-11D0-8D11-00A0C91BC942}") = "組合語言", "組合語言\組合語言.vcxproj", "{152AE56A-36FF-4CEC-B59B-26BF663E831B}"
EndProject
Global
	GlobalSection(SolutionConfigurationPlatforms) = preSolution
		Debug|x64 = Debug|x64
		Debug|x86 = Debug|x86
		Release|x64 = Release|x64
		Release|x86 = Release|x86
	EndGlobalSection
	GlobalSection(ProjectConfigurationPlatforms) = postSolution
		{152AE56A-36FF-4CEC-B59B-26BF663E831B}.Debug|x64.ActiveCfg = Debug|x64
		{152AE56A-36FF-4CEC-B59B-26BF663E831B}.Debug|x64.Build.0 = Debug|x64
		{152AE56A-36FF-4CEC-B59B-26BF663E831B}.Debug|x86.ActiveCfg = Debug|Win32
		{152AE56A-36FF-4CEC-B59B-26BF663E831B}.Debug|x86.Build.0 = Debug|Win32
		{152AE56A-36FF-4CEC-B59B-26BF663E831B}.Release|x64.ActiveCfg = Release|x64
		{152AE56A-36FF-4CEC-B59B-26BF663E831B}.Release|x64.Build.0 = Release|x64
		{152AE56A-36FF-4CEC-B59B-26BF663E831B}.Release|x86.ActiveCfg = Release|Win32
		{152AE56A-36FF-4CEC-B59B-26BF663E831B}.Release|x86.Build.0 = Release|Win32
	EndGlobalSection
	GlobalSection(SolutionProperties) = preSolution
		HideSolutionNode = FALSE
	EndGlobalSection
	GlobalSection(ExtensibilityGlobals) = postSolution
		SolutionGuid = {FD8AE59F-321D-4EA2-B914-A437535C7EB3}
	EndGlobalSection
EndGlobal
